PODS:
  - ComposeAppCocoaPod (1.0):
    - WebRTC-SDK (= 137.7151.03)
  - WebRTC-SDK (137.7151.03)

DEPENDENCIES:
  - ComposeAppCocoaPod (from `../ios-kit`)

SPEC REPOS:
  trunk:
    - WebRTC-SDK

EXTERNAL SOURCES:
  ComposeAppCocoaPod:
    :path: "../ios-kit"

SPEC CHECKSUMS:
  ComposeAppCocoaPod: cabb9f1f879d63cd606f6d7e2e06b4165cadb752
  WebRTC-SDK: 69d4e56b0b4b27d788e87bab9b9a1326ed05b1e3

PODFILE CHECKSUM: b1f88641d56096b41d15a142c6424ac9a66f9ca9

COCOAPODS: 1.16.2
